
Microsoft Visual Studio Solution File, Format Version 12.00
# Visual Studio 2013
VisualStudioVersion = 12.0.31101.0
MinimumVisualStudioVersion = 10.0.40219.1
Project("{FAE04EC0-301F-11D3-BF4B-00C04F79EFBC}") = "InvoiceAppCombinedSubscription_AspDotNetMVC", "InvoiceAppCombinedSubscription_AspDotNetMVC\InvoiceAppCombinedSubscription_AspDotNetMVC.csproj", "{39A08451-8299-4680-8412-940D125BC37B}"
EndProject
Global
	GlobalSection(TeamFoundationVersionControl) = preSolution
		SccNumberOfProjects = 2
		SccEnterpriseProvider = {4CA58AB2-18FA-4F8D-95D4-32DDF27D184C}
		SccTeamFoundationServer = https://davenielsen.visualstudio.com/defaultcollection
		SccLocalPath0 = .
		SccProjectUniqueName1 = InvoiceAppCombinedSubscription_AspDotNetMVC\\InvoiceAppCombinedSubscription_AspDotNetMVC.csproj
		SccProjectName1 = InvoiceAppCombinedSubscription_AspDotNetMVC
		SccLocalPath1 = InvoiceAppCombinedSubscription_AspDotNetMVC
	EndGlobalSection
	GlobalSection(SolutionConfigurationPlatforms) = preSolution
		Debug|Any CPU = Debug|Any CPU
		Release|Any CPU = Release|Any CPU
	EndGlobalSection
	GlobalSection(ProjectConfigurationPlatforms) = postSolution
		{39A08451-8299-4680-8412-940D125BC37B}.Debug|Any CPU.ActiveCfg = Debug|Any CPU
		{39A08451-8299-4680-8412-940D125BC37B}.Debug|Any CPU.Build.0 = Debug|Any CPU
		{39A08451-8299-4680-8412-940D125BC37B}.Release|Any CPU.ActiveCfg = Release|Any CPU
		{39A08451-8299-4680-8412-940D125BC37B}.Release|Any CPU.Build.0 = Release|Any CPU
	EndGlobalSection
	GlobalSection(SolutionProperties) = preSolution
		HideSolutionNode = FALSE
	EndGlobalSection
EndGlobal
